// !$*UTF8*$!
{
	archiveVersion = 1;
	classes = {
	};
	objectVersion = 56;
	objects = {

/* Begin PBXBuildFile section */
		A56E6F2128F86E8C00CEC46E /* FirstOnboardViewController.swift in Sources */ = {isa = PBXBuildFile; fileRef = A56E6F2028F86E8C00CEC46E /* FirstOnboardViewController.swift */; };
		A56E6F2328F86E9600CEC46E /* SecondOnboardViewController.swift in Sources */ = {isa = PBXBuildFile; fileRef = A56E6F2228F86E9600CEC46E /* SecondOnboardViewController.swift */; };
		A56E6F2528F86EA100CEC46E /* ThirdOnboardViewController.swift in Sources */ = {isa = PBXBuildFile; fileRef = A56E6F2428F86EA100CEC46E /* ThirdOnboardViewController.swift */; };
		A56E6F2728F86EB000CEC46E /* PageViewController.swift in Sources */ = {isa = PBXBuildFile; fileRef = A56E6F2628F86EB000CEC46E /* PageViewController.swift */; };
		A591CB4428F4498D000F0696 /* ProductWebPageViewController.swift in Sources */ = {isa = PBXBuildFile; fileRef = A591CB4328F4498D000F0696 /* ProductWebPageViewController.swift */; };
		A591CB4628F487C2000F0696 /* HW.pdf in Resources */ = {isa = PBXBuildFile; fileRef = A591CB4528F487C2000F0696 /* HW.pdf */; };
		A5C5C93328F1B36A001FB954 /* AppDelegate.swift in Sources */ = {isa = PBXBuildFile; fileRef = A5C5C93228F1B36A001FB954 /* AppDelegate.swift */; };
		A5C5C93528F1B36A001FB954 /* SceneDelegate.swift in Sources */ = {isa = PBXBuildFile; fileRef = A5C5C93428F1B36A001FB954 /* SceneDelegate.swift */; };
		A5C5C93A28F1B36A001FB954 /* Main.storyboard in Resources */ = {isa = PBXBuildFile; fileRef = A5C5C93828F1B36A001FB954 /* Main.storyboard */; };
		A5C5C93C28F1B36C001FB954 /* Assets.xcassets in Resources */ = {isa = PBXBuildFile; fileRef = A5C5C93B28F1B36C001FB954 /* Assets.xcassets */; };
		A5C5C93F28F1B36C001FB954 /* LaunchScreen.storyboard in Resources */ = {isa = PBXBuildFile; fileRef = A5C5C93D28F1B36C001FB954 /* LaunchScreen.storyboard */; };
		A5C5C94A28F1B36C001FB954 /* AppProjectTests.swift in Sources */ = {isa = PBXBuildFile; fileRef = A5C5C94928F1B36C001FB954 /* AppProjectTests.swift */; };
		A5C5C95428F1B36C001FB954 /* AppProjectUITests.swift in Sources */ = {isa = PBXBuildFile; fileRef = A5C5C95328F1B36C001FB954 /* AppProjectUITests.swift */; };
		A5C5C95628F1B36C001FB954 /* AppProjectUITestsLaunchTests.swift in Sources */ = {isa = PBXBuildFile; fileRef = A5C5C95528F1B36C001FB954 /* AppProjectUITestsLaunchTests.swift */; };
		A5C5C96328F1B43D001FB954 /* ChosenItemViewController.swift in Sources */ = {isa = PBXBuildFile; fileRef = A5C5C96228F1B43D001FB954 /* ChosenItemViewController.swift */; };
		A5C5C96528F1B470001FB954 /* MainTabBarViewController.swift in Sources */ = {isa = PBXBuildFile; fileRef = A5C5C96428F1B470001FB954 /* MainTabBarViewController.swift */; };
		A5C5C96728F1B49C001FB954 /* BuyViewController.swift in Sources */ = {isa = PBXBuildFile; fileRef = A5C5C96628F1B49C001FB954 /* BuyViewController.swift */; };
		A5C5C96928F1B4B5001FB954 /* SearchViewController.swift in Sources */ = {isa = PBXBuildFile; fileRef = A5C5C96828F1B4B5001FB954 /* SearchViewController.swift */; };
		A5C5C96B28F1B4CF001FB954 /* ForMeViewController.swift in Sources */ = {isa = PBXBuildFile; fileRef = A5C5C96A28F1B4CF001FB954 /* ForMeViewController.swift */; };
		A5C5C96D28F1B4E3001FB954 /* CartViewController.swift in Sources */ = {isa = PBXBuildFile; fileRef = A5C5C96C28F1B4E3001FB954 /* CartViewController.swift */; };
/* End PBXBuildFile section */

/* Begin PBXContainerItemProxy section */
		A5C5C94628F1B36C001FB954 /* PBXContainerItemProxy */ = {
			isa = PBXContainerItemProxy;
			containerPortal = A5C5C92728F1B36A001FB954 /* Project object */;
			proxyType = 1;
			remoteGlobalIDString = A5C5C92E28F1B36A001FB954;
			remoteInfo = AppProject;
		};
		A5C5C95028F1B36C001FB954 /* PBXContainerItemProxy */ = {
			isa = PBXContainerItemProxy;
			containerPortal = A5C5C92728F1B36A001FB954 /* Project object */;
			proxyType = 1;
			remoteGlobalIDString = A5C5C92E28F1B36A001FB954;
			remoteInfo = AppProject;
		};
/* End PBXContainerItemProxy section */

/* Begin PBXFileReference section */
		A56E6F2028F86E8C00CEC46E /* FirstOnboardViewController.swift */ = {isa = PBXFileReference; lastKnownFileType = sourcecode.swift; path = FirstOnboardViewController.swift; sourceTree = "<group>"; };
		A56E6F2228F86E9600CEC46E /* SecondOnboardViewController.swift */ = {isa = PBXFileReference; lastKnownFileType = sourcecode.swift; path = SecondOnboardViewController.swift; sourceTree = "<group>"; };
		A56E6F2428F86EA100CEC46E /* ThirdOnboardViewController.swift */ = {isa = PBXFileReference; lastKnownFileType = sourcecode.swift; path = ThirdOnboardViewController.swift; sourceTree = "<group>"; };
		A56E6F2628F86EB000CEC46E /* PageViewController.swift */ = {isa = PBXFileReference; lastKnownFileType = sourcecode.swift; path = PageViewController.swift; sourceTree = "<group>"; };
		A591CB4328F4498D000F0696 /* ProductWebPageViewController.swift */ = {isa = PBXFileReference; lastKnownFileType = sourcecode.swift; path = ProductWebPageViewController.swift; sourceTree = "<group>"; };
		A591CB4528F487C2000F0696 /* HW.pdf */ = {isa = PBXFileReference; lastKnownFileType = image.pdf; path = HW.pdf; sourceTree = "<group>"; };
		A5C5C92F28F1B36A001FB954 /* AppProject.app */ = {isa = PBXFileReference; explicitFileType = wrapper.application; includeInIndex = 0; path = AppProject.app; sourceTree = BUILT_PRODUCTS_DIR; };
		A5C5C93228F1B36A001FB954 /* AppDelegate.swift */ = {isa = PBXFileReference; lastKnownFileType = sourcecode.swift; path = AppDelegate.swift; sourceTree = "<group>"; };
		A5C5C93428F1B36A001FB954 /* SceneDelegate.swift */ = {isa = PBXFileReference; lastKnownFileType = sourcecode.swift; path = SceneDelegate.swift; sourceTree = "<group>"; };
		A5C5C93928F1B36A001FB954 /* Base */ = {isa = PBXFileReference; lastKnownFileType = file.storyboard; name = Base; path = Base.lproj/Main.storyboard; sourceTree = "<group>"; };
		A5C5C93B28F1B36C001FB954 /* Assets.xcassets */ = {isa = PBXFileReference; lastKnownFileType = folder.assetcatalog; path = Assets.xcassets; sourceTree = "<group>"; };
		A5C5C93E28F1B36C001FB954 /* Base */ = {isa = PBXFileReference; lastKnownFileType = file.storyboard; name = Base; path = Base.lproj/LaunchScreen.storyboard; sourceTree = "<group>"; };
		A5C5C94028F1B36C001FB954 /* Info.plist */ = {isa = PBXFileReference; lastKnownFileType = text.plist.xml; path = Info.plist; sourceTree = "<group>"; };
		A5C5C94528F1B36C001FB954 /* AppProjectTests.xctest */ = {isa = PBXFileReference; explicitFileType = wrapper.cfbundle; includeInIndex = 0; path = AppProjectTests.xctest; sourceTree = BUILT_PRODUCTS_DIR; };
		A5C5C94928F1B36C001FB954 /* AppProjectTests.swift */ = {isa = PBXFileReference; lastKnownFileType = sourcecode.swift; path = AppProjectTests.swift; sourceTree = "<group>"; };
		A5C5C94F28F1B36C001FB954 /* AppProjectUITests.xctest */ = {isa = PBXFileReference; explicitFileType = wrapper.cfbundle; includeInIndex = 0; path = AppProjectUITests.xctest; sourceTree = BUILT_PRODUCTS_DIR; };
		A5C5C95328F1B36C001FB954 /* AppProjectUITests.swift */ = {isa = PBXFileReference; lastKnownFileType = sourcecode.swift; path = AppProjectUITests.swift; sourceTree = "<group>"; };
		A5C5C95528F1B36C001FB954 /* AppProjectUITestsLaunchTests.swift */ = {isa = PBXFileReference; lastKnownFileType = sourcecode.swift; path = AppProjectUITestsLaunchTests.swift; sourceTree = "<group>"; };
		A5C5C96228F1B43D001FB954 /* ChosenItemViewController.swift */ = {isa = PBXFileReference; lastKnownFileType = sourcecode.swift; path = ChosenItemViewController.swift; sourceTree = "<group>"; };
		A5C5C96428F1B470001FB954 /* MainTabBarViewController.swift */ = {isa = PBXFileReference; lastKnownFileType = sourcecode.swift; path = MainTabBarViewController.swift; sourceTree = "<group>"; };
		A5C5C96628F1B49C001FB954 /* BuyViewController.swift */ = {isa = PBXFileReference; lastKnownFileType = sourcecode.swift; path = BuyViewController.swift; sourceTree = "<group>"; };
		A5C5C96828F1B4B5001FB954 /* SearchViewController.swift */ = {isa = PBXFileReference; lastKnownFileType = sourcecode.swift; path = SearchViewController.swift; sourceTree = "<group>"; };
		A5C5C96A28F1B4CF001FB954 /* ForMeViewController.swift */ = {isa = PBXFileReference; lastKnownFileType = sourcecode.swift; path = ForMeViewController.swift; sourceTree = "<group>"; };
		A5C5C96C28F1B4E3001FB954 /* CartViewController.swift */ = {isa = PBXFileReference; lastKnownFileType = sourcecode.swift; path = CartViewController.swift; sourceTree = "<group>"; };
/* End PBXFileReference section */

/* Begin PBXFrameworksBuildPhase section */
		A5C5C92C28F1B36A001FB954 /* Frameworks */ = {
			isa = PBXFrameworksBuildPhase;
			buildActionMask = 2147483647;
			files = (
			);
			runOnlyForDeploymentPostprocessing = 0;
		};
		A5C5C94228F1B36C001FB954 /* Frameworks */ = {
			isa = PBXFrameworksBuildPhase;
			buildActionMask = 2147483647;
			files = (
			);
			runOnlyForDeploymentPostprocessing = 0;
		};
		A5C5C94C28F1B36C001FB954 /* Frameworks */ = {
			isa = PBXFrameworksBuildPhase;
			buildActionMask = 2147483647;
			files = (
			);
			runOnlyForDeploymentPostprocessing = 0;
		};
/* End PBXFrameworksBuildPhase section */

/* Begin PBXGroup section */
		A5162A1328F71D35005A7B02 /* PageVC */ = {
			isa = PBXGroup;
			children = (
				A56E6F2628F86EB000CEC46E /* PageViewController.swift */,
				A56E6F2028F86E8C00CEC46E /* FirstOnboardViewController.swift */,
				A56E6F2228F86E9600CEC46E /* SecondOnboardViewController.swift */,
				A56E6F2428F86EA100CEC46E /* ThirdOnboardViewController.swift */,
			);
			path = PageVC;
			sourceTree = "<group>";
		};
		A5C5C92628F1B36A001FB954 = {
			isa = PBXGroup;
			children = (
				A5C5C93128F1B36A001FB954 /* AppProject */,
				A5C5C94828F1B36C001FB954 /* AppProjectTests */,
				A5C5C95228F1B36C001FB954 /* AppProjectUITests */,
				A5C5C93028F1B36A001FB954 /* Products */,
			);
			sourceTree = "<group>";
		};
		A5C5C93028F1B36A001FB954 /* Products */ = {
			isa = PBXGroup;
			children = (
				A5C5C92F28F1B36A001FB954 /* AppProject.app */,
				A5C5C94528F1B36C001FB954 /* AppProjectTests.xctest */,
				A5C5C94F28F1B36C001FB954 /* AppProjectUITests.xctest */,
			);
			name = Products;
			sourceTree = "<group>";
		};
		A5C5C93128F1B36A001FB954 /* AppProject */ = {
			isa = PBXGroup;
			children = (
				A5C5C93228F1B36A001FB954 /* AppDelegate.swift */,
				A5C5C93428F1B36A001FB954 /* SceneDelegate.swift */,
				A591CB4328F4498D000F0696 /* ProductWebPageViewController.swift */,
				A5C5C96228F1B43D001FB954 /* ChosenItemViewController.swift */,
				A5162A1328F71D35005A7B02 /* PageVC */,
				A5C5C96E28F1B58F001FB954 /* TabBar */,
				A5C5C93828F1B36A001FB954 /* Main.storyboard */,
				A5C5C93B28F1B36C001FB954 /* Assets.xcassets */,
				A591CB4528F487C2000F0696 /* HW.pdf */,
				A5C5C93D28F1B36C001FB954 /* LaunchScreen.storyboard */,
				A5C5C94028F1B36C001FB954 /* Info.plist */,
			);
			path = AppProject;
			sourceTree = "<group>";
		};
		A5C5C94828F1B36C001FB954 /* AppProjectTests */ = {
			isa = PBXGroup;
			children = (
				A5C5C94928F1B36C001FB954 /* AppProjectTests.swift */,
			);
			path = AppProjectTests;
			sourceTree = "<group>";
		};
		A5C5C95228F1B36C001FB954 /* AppProjectUITests */ = {
			isa = PBXGroup;
			children = (
				A5C5C95328F1B36C001FB954 /* AppProjectUITests.swift */,
				A5C5C95528F1B36C001FB954 /* AppProjectUITestsLaunchTests.swift */,
			);
			path = AppProjectUITests;
			sourceTree = "<group>";
		};
		A5C5C96E28F1B58F001FB954 /* TabBar */ = {
			isa = PBXGroup;
			children = (
				A5C5C96428F1B470001FB954 /* MainTabBarViewController.swift */,
				A5C5C96828F1B4B5001FB954 /* SearchViewController.swift */,
				A5C5C96C28F1B4E3001FB954 /* CartViewController.swift */,
				A5C5C96A28F1B4CF001FB954 /* ForMeViewController.swift */,
				A5C5C96628F1B49C001FB954 /* BuyViewController.swift */,
			);
			path = TabBar;
			sourceTree = "<group>";
		};
/* End PBXGroup section */

/* Begin PBXNativeTarget section */
		A5C5C92E28F1B36A001FB954 /* AppProject */ = {
			isa = PBXNativeTarget;
			buildConfigurationList = A5C5C95928F1B36C001FB954 /* Build configuration list for PBXNativeTarget "AppProject" */;
			buildPhases = (
				A5C5C92B28F1B36A001FB954 /* Sources */,
				A5C5C92C28F1B36A001FB954 /* Frameworks */,
				A5C5C92D28F1B36A001FB954 /* Resources */,
			);
			buildRules = (
			);
			dependencies = (
			);
			name = AppProject;
			productName = AppProject;
			productReference = A5C5C92F28F1B36A001FB954 /* AppProject.app */;
			productType = "com.apple.product-type.application";
		};
		A5C5C94428F1B36C001FB954 /* AppProjectTests */ = {
			isa = PBXNativeTarget;
			buildConfigurationList = A5C5C95C28F1B36C001FB954 /* Build configuration list for PBXNativeTarget "AppProjectTests" */;
			buildPhases = (
				A5C5C94128F1B36C001FB954 /* Sources */,
				A5C5C94228F1B36C001FB954 /* Frameworks */,
				A5C5C94328F1B36C001FB954 /* Resources */,
			);
			buildRules = (
			);
			dependencies = (
				A5C5C94728F1B36C001FB954 /* PBXTargetDependency */,
			);
			name = AppProjectTests;
			productName = AppProjectTests;
			productReference = A5C5C94528F1B36C001FB954 /* AppProjectTests.xctest */;
			productType = "com.apple.product-type.bundle.unit-test";
		};
		A5C5C94E28F1B36C001FB954 /* AppProjectUITests */ = {
			isa = PBXNativeTarget;
			buildConfigurationList = A5C5C95F28F1B36C001FB954 /* Build configuration list for PBXNativeTarget "AppProjectUITests" */;
			buildPhases = (
				A5C5C94B28F1B36C001FB954 /* Sources */,
				A5C5C94C28F1B36C001FB954 /* Frameworks */,
				A5C5C94D28F1B36C001FB954 /* Resources */,
			);
			buildRules = (
			);
			dependencies = (
				A5C5C95128F1B36C001FB954 /* PBXTargetDependency */,
			);
			name = AppProjectUITests;
			productName = AppProjectUITests;
			productReference = A5C5C94F28F1B36C001FB954 /* AppProjectUITests.xctest */;
			productType = "com.apple.product-type.bundle.ui-testing";
		};
/* End PBXNativeTarget section */

/* Begin PBXProject section */
		A5C5C92728F1B36A001FB954 /* Project object */ = {
			isa = PBXProject;
			attributes = {
				BuildIndependentTargetsInParallel = 1;
				LastSwiftUpdateCheck = 1400;
				LastUpgradeCheck = 1400;
				TargetAttributes = {
					A5C5C92E28F1B36A001FB954 = {
						CreatedOnToolsVersion = 14.0.1;
					};
					A5C5C94428F1B36C001FB954 = {
						CreatedOnToolsVersion = 14.0.1;
						TestTargetID = A5C5C92E28F1B36A001FB954;
					};
					A5C5C94E28F1B36C001FB954 = {
						CreatedOnToolsVersion = 14.0.1;
						TestTargetID = A5C5C92E28F1B36A001FB954;
					};
				};
			};
			buildConfigurationList = A5C5C92A28F1B36A001FB954 /* Build configuration list for PBXProject "AppProject" */;
			compatibilityVersion = "Xcode 14.0";
			developmentRegion = en;
			hasScannedForEncodings = 0;
			knownRegions = (
				en,
				Base,
			);
			mainGroup = A5C5C92628F1B36A001FB954;
			productRefGroup = A5C5C93028F1B36A001FB954 /* Products */;
			projectDirPath = "";
			projectRoot = "";
			targets = (
				A5C5C92E28F1B36A001FB954 /* AppProject */,
				A5C5C94428F1B36C001FB954 /* AppProjectTests */,
				A5C5C94E28F1B36C001FB954 /* AppProjectUITests */,
			);
		};
/* End PBXProject section */

/* Begin PBXResourcesBuildPhase section */
		A5C5C92D28F1B36A001FB954 /* Resources */ = {
			isa = PBXResourcesBuildPhase;
			buildActionMask = 2147483647;
			files = (
				A5C5C93F28F1B36C001FB954 /* LaunchScreen.storyboard in Resources */,
				A591CB4628F487C2000F0696 /* HW.pdf in Resources */,
				A5C5C93C28F1B36C001FB954 /* Assets.xcassets in Resources */,
				A5C5C93A28F1B36A001FB954 /* Main.storyboard in Resources */,
			);
			runOnlyForDeploymentPostprocessing = 0;
		};
		A5C5C94328F1B36C001FB954 /* Resources */ = {
			isa = PBXResourcesBuildPhase;
			buildActionMask = 2147483647;
			files = (
			);
			runOnlyForDeploymentPostprocessing = 0;
		};
		A5C5C94D28F1B36C001FB954 /* Resources */ = {
			isa = PBXResourcesBuildPhase;
			buildActionMask = 2147483647;
			files = (
			);
			runOnlyForDeploymentPostprocessing = 0;
		};
/* End PBXResourcesBuildPhase section */

/* Begin PBXSourcesBuildPhase section */
		A5C5C92B28F1B36A001FB954 /* Sources */ = {
			isa = PBXSourcesBuildPhase;
			buildActionMask = 2147483647;
			files = (
				A5C5C96528F1B470001FB954 /* MainTabBarViewController.swift in Sources */,
				A56E6F2728F86EB000CEC46E /* PageViewController.swift in Sources */,
				A5C5C96928F1B4B5001FB954 /* SearchViewController.swift in Sources */,
				A5C5C93328F1B36A001FB954 /* AppDelegate.swift in Sources */,
				A56E6F2128F86E8C00CEC46E /* FirstOnboardViewController.swift in Sources */,
				A5C5C96B28F1B4CF001FB954 /* ForMeViewController.swift in Sources */,
				A591CB4428F4498D000F0696 /* ProductWebPageViewController.swift in Sources */,
				A56E6F2528F86EA100CEC46E /* ThirdOnboardViewController.swift in Sources */,
				A5C5C93528F1B36A001FB954 /* SceneDelegate.swift in Sources */,
				A56E6F2328F86E9600CEC46E /* SecondOnboardViewController.swift in Sources */,
				A5C5C96328F1B43D001FB954 /* ChosenItemViewController.swift in Sources */,
				A5C5C96D28F1B4E3001FB954 /* CartViewController.swift in Sources */,
				A5C5C96728F1B49C001FB954 /* BuyViewController.swift in Sources */,
			);
			runOnlyForDeploymentPostprocessing = 0;
		};
		A5C5C94128F1B36C001FB954 /* Sources */ = {
			isa = PBXSourcesBuildPhase;
			buildActionMask = 2147483647;
			files = (
				A5C5C94A28F1B36C001FB954 /* AppProjectTests.swift in Sources */,
			);
			runOnlyForDeploymentPostprocessing = 0;
		};
		A5C5C94B28F1B36C001FB954 /* Sources */ = {
			isa = PBXSourcesBuildPhase;
			buildActionMask = 2147483647;
			files = (
				A5C5C95628F1B36C001FB954 /* AppProjectUITestsLaunchTests.swift in Sources */,
				A5C5C95428F1B36C001FB954 /* AppProjectUITests.swift in Sources */,
			);
			runOnlyForDeploymentPostprocessing = 0;
		};
/* End PBXSourcesBuildPhase section */

/* Begin PBXTargetDependency section */
		A5C5C94728F1B36C001FB954 /* PBXTargetDependency */ = {
			isa = PBXTargetDependency;
			target = A5C5C92E28F1B36A001FB954 /* AppProject */;
			targetProxy = A5C5C94628F1B36C001FB954 /* PBXContainerItemProxy */;
		};
		A5C5C95128F1B36C001FB954 /* PBXTargetDependency */ = {
			isa = PBXTargetDependency;
			target = A5C5C92E28F1B36A001FB954 /* AppProject */;
			targetProxy = A5C5C95028F1B36C001FB954 /* PBXContainerItemProxy */;
		};
/* End PBXTargetDependency section */

/* Begin PBXVariantGroup section */
		A5C5C93828F1B36A001FB954 /* Main.storyboard */ = {
			isa = PBXVariantGroup;
			children = (
				A5C5C93928F1B36A001FB954 /* Base */,
			);
			name = Main.storyboard;
			sourceTree = "<group>";
		};
		A5C5C93D28F1B36C001FB954 /* LaunchScreen.storyboard */ = {
			isa = PBXVariantGroup;
			children = (
				A5C5C93E28F1B36C001FB954 /* Base */,
			);
			name = LaunchScreen.storyboard;
			sourceTree = "<group>";
		};
/* End PBXVariantGroup section */

/* Begin XCBuildConfiguration section */
		A5C5C95728F1B36C001FB954 /* Debug */ = {
			isa = XCBuildConfiguration;
			buildSettings = {
				ALWAYS_SEARCH_USER_PATHS = NO;
				CLANG_ANALYZER_NONNULL = YES;
				CLANG_ANALYZER_NUMBER_OBJECT_CONVERSION = YES_AGGRESSIVE;
				CLANG_CXX_LANGUAGE_STANDARD = "gnu++20";
				CLANG_ENABLE_MODULES = YES;
				CLANG_ENABLE_OBJC_ARC = YES;
				CLANG_ENABLE_OBJC_WEAK = YES;
				CLANG_WARN_BLOCK_CAPTURE_AUTORELEASING = YES;
				CLANG_WARN_BOOL_CONVERSION = YES;
				CLANG_WARN_COMMA = YES;
				CLANG_WARN_CONSTANT_CONVERSION = YES;
				CLANG_WARN_DEPRECATED_OBJC_IMPLEMENTATIONS = YES;
				CLANG_WARN_DIRECT_OBJC_ISA_USAGE = YES_ERROR;
				CLANG_WARN_DOCUMENTATION_COMMENTS = YES;
				CLANG_WARN_EMPTY_BODY = YES;
				CLANG_WARN_ENUM_CONVERSION = YES;
				CLANG_WARN_INFINITE_RECURSION = YES;
				CLANG_WARN_INT_CONVERSION = YES;
				CLANG_WARN_NON_LITERAL_NULL_CONVERSION = YES;
				CLANG_WARN_OBJC_IMPLICIT_RETAIN_SELF = YES;
				CLANG_WARN_OBJC_LITERAL_CONVERSION = YES;
				CLANG_WARN_OBJC_ROOT_CLASS = YES_ERROR;
				CLANG_WARN_QUOTED_INCLUDE_IN_FRAMEWORK_HEADER = YES;
				CLANG_WARN_RANGE_LOOP_ANALYSIS = YES;
				CLANG_WARN_STRICT_PROTOTYPES = YES;
				CLANG_WARN_SUSPICIOUS_MOVE = YES;
				CLANG_WARN_UNGUARDED_AVAILABILITY = YES_AGGRESSIVE;
				CLANG_WARN_UNREACHABLE_CODE = YES;
				CLANG_WARN__DUPLICATE_METHOD_MATCH = YES;
				COPY_PHASE_STRIP = NO;
				DEBUG_INFORMATION_FORMAT = dwarf;
				ENABLE_STRICT_OBJC_MSGSEND = YES;
				ENABLE_TESTABILITY = YES;
				GCC_C_LANGUAGE_STANDARD = gnu11;
				GCC_DYNAMIC_NO_PIC = NO;
				GCC_NO_COMMON_BLOCKS = YES;
				GCC_OPTIMIZATION_LEVEL = 0;
				GCC_PREPROCESSOR_DEFINITIONS = (
					"DEBUG=1",
					"$(inherited)",
				);
				GCC_WARN_64_TO_32_BIT_CONVERSION = YES;
				GCC_WARN_ABOUT_RETURN_TYPE = YES_ERROR;
				GCC_WARN_UNDECLARED_SELECTOR = YES;
				GCC_WARN_UNINITIALIZED_AUTOS = YES_AGGRESSIVE;
				GCC_WARN_UNUSED_FUNCTION = YES;
				GCC_WARN_UNUSED_VARIABLE = YES;
				IPHONEOS_DEPLOYMENT_TARGET = 16.0;
				MTL_ENABLE_DEBUG_INFO = INCLUDE_SOURCE;
				MTL_FAST_MATH = YES;
				ONLY_ACTIVE_ARCH = YES;
				SDKROOT = iphoneos;
				SWIFT_ACTIVE_COMPILATION_CONDITIONS = DEBUG;
				SWIFT_OPTIMIZATION_LEVEL = "-Onone";
			};
			name = Debug;
		};
		A5C5C95828F1B36C001FB954 /* Release */ = {
			isa = XCBuildConfiguration;
			buildSettings = {
				ALWAYS_SEARCH_USER_PATHS = NO;
				CLANG_ANALYZER_NONNULL = YES;
				CLANG_ANALYZER_NUMBER_OBJECT_CONVERSION = YES_AGGRESSIVE;
				CLANG_CXX_LANGUAGE_STANDARD = "gnu++20";
				CLANG_ENABLE_MODULES = YES;
				CLANG_ENABLE_OBJC_ARC = YES;
				CLANG_ENABLE_OBJC_WEAK = YES;
				CLANG_WARN_BLOCK_CAPTURE_AUTORELEASING = YES;
				CLANG_WARN_BOOL_CONVERSION = YES;
				CLANG_WARN_COMMA = YES;
				CLANG_WARN_CONSTANT_CONVERSION = YES;
				CLANG_WARN_DEPRECATED_OBJC_IMPLEMENTATIONS = YES;
				CLANG_WARN_DIRECT_OBJC_ISA_USAGE = YES_ERROR;
				CLANG_WARN_DOCUMENTATION_COMMENTS = YES;
				CLANG_WARN_EMPTY_BODY = YES;
				CLANG_WARN_ENUM_CONVERSION = YES;
				CLANG_WARN_INFINITE_RECURSION = YES;
				CLANG_WARN_INT_CONVERSION = YES;
				CLANG_WARN_NON_LITERAL_NULL_CONVERSION = YES;
				CLANG_WARN_OBJC_IMPLICIT_RETAIN_SELF = YES;
				CLANG_WARN_OBJC_LITERAL_CONVERSION = YES;
				CLANG_WARN_OBJC_ROOT_CLASS = YES_ERROR;
				CLANG_WARN_QUOTED_INCLUDE_IN_FRAMEWORK_HEADER = YES;
				CLANG_WARN_RANGE_LOOP_ANALYSIS = YES;
				CLANG_WARN_STRICT_PROTOTYPES = YES;
				CLANG_WARN_SUSPICIOUS_MOVE = YES;
				CLANG_WARN_UNGUARDED_AVAILABILITY = YES_AGGRESSIVE;
				CLANG_WARN_UNREACHABLE_CODE = YES;
				CLANG_WARN__DUPLICATE_METHOD_MATCH = YES;
				COPY_PHASE_STRIP = NO;
				DEBUG_INFORMATION_FORMAT = "dwarf-with-dsym";
				ENABLE_NS_ASSERTIONS = NO;
				ENABLE_STRICT_OBJC_MSGSEND = YES;
				GCC_C_LANGUAGE_STANDARD = gnu11;
				GCC_NO_COMMON_BLOCKS = YES;
				GCC_WARN_64_TO_32_BIT_CONVERSION = YES;
				GCC_WARN_ABOUT_RETURN_TYPE = YES_ERROR;
				GCC_WARN_UNDECLARED_SELECTOR = YES;
				GCC_WARN_UNINITIALIZED_AUTOS = YES_AGGRESSIVE;
				GCC_WARN_UNUSED_FUNCTION = YES;
				GCC_WARN_UNUSED_VARIABLE = YES;
				IPHONEOS_DEPLOYMENT_TARGET = 16.0;
				MTL_ENABLE_DEBUG_INFO = NO;
				MTL_FAST_MATH = YES;
				SDKROOT = iphoneos;
				SWIFT_COMPILATION_MODE = wholemodule;
				SWIFT_OPTIMIZATION_LEVEL = "-O";
				VALIDATE_PRODUCT = YES;
			};
			name = Release;
		};
		A5C5C95A28F1B36C001FB954 /* Debug */ = {
			isa = XCBuildConfiguration;
			buildSettings = {
				ASSETCATALOG_COMPILER_APPICON_NAME = AppIcon;
				ASSETCATALOG_COMPILER_GLOBAL_ACCENT_COLOR_NAME = AccentColor;
				CODE_SIGN_STYLE = Automatic;
				CURRENT_PROJECT_VERSION = 1;
				DEVELOPMENT_TEAM = T89X3T8CX6;
				GENERATE_INFOPLIST_FILE = YES;
				INFOPLIST_FILE = AppProject/Info.plist;
				INFOPLIST_KEY_UIApplicationSupportsIndirectInputEvents = YES;
				INFOPLIST_KEY_UILaunchStoryboardName = LaunchScreen;
				INFOPLIST_KEY_UIMainStoryboardFile = Main;
				INFOPLIST_KEY_UISupportedInterfaceOrientations_iPad = "UIInterfaceOrientationPortrait UIInterfaceOrientationPortraitUpsideDown UIInterfaceOrientationLandscapeLeft UIInterfaceOrientationLandscapeRight";
				INFOPLIST_KEY_UISupportedInterfaceOrientations_iPhone = "UIInterfaceOrientationPortrait UIInterfaceOrientationLandscapeLeft UIInterfaceOrientationLandscapeRight";
				IPHONEOS_DEPLOYMENT_TARGET = 15.2;
				LD_RUNPATH_SEARCH_PATHS = (
					"$(inherited)",
					"@executable_path/Frameworks",
				);
				MARKETING_VERSION = 1.0;
				PRODUCT_BUNDLE_IDENTIFIER = "-.AppProject";
				PRODUCT_NAME = "$(TARGET_NAME)";
				SWIFT_EMIT_LOC_STRINGS = YES;
				SWIFT_VERSION = 5.0;
				TARGETED_DEVICE_FAMILY = "1,2";
			};
			name = Debug;
		};
		A5C5C95B28F1B36C001FB954 /* Release */ = {
			isa = XCBuildConfiguration;
			buildSettings = {
				ASSETCATALOG_COMPILER_APPICON_NAME = AppIcon;
				ASSETCATALOG_COMPILER_GLOBAL_ACCENT_COLOR_NAME = AccentColor;
				CODE_SIGN_STYLE = Automatic;
				CURRENT_PROJECT_VERSION = 1;
				DEVELOPMENT_TEAM = T89X3T8CX6;
				GENERATE_INFOPLIST_FILE = YES;
				INFOPLIST_FILE = AppProject/Info.plist;
				INFOPLIST_KEY_UIApplicationSupportsIndirectInputEvents = YES;
				INFOPLIST_KEY_UILaunchStoryboardName = LaunchScreen;
				INFOPLIST_KEY_UIMainStoryboardFile = Main;
				INFOPLIST_KEY_UISupportedInterfaceOrientations_iPad = "UIInterfaceOrientationPortrait UIInterfaceOrientationPortraitUpsideDown UIInterfaceOrientationLandscapeLeft UIInterfaceOrientationLandscapeRight";
				INFOPLIST_KEY_UISupportedInterfaceOrientations_iPhone = "UIInterfaceOrientationPortrait UIInterfaceOrientationLandscapeLeft UIInterfaceOrientationLandscapeRight";
				IPHONEOS_DEPLOYMENT_TARGET = 15.2;
				LD_RUNPATH_SEARCH_PATHS = (
					"$(inherited)",
					"@executable_path/Frameworks",
				);
				MARKETING_VERSION = 1.0;
				PRODUCT_BUNDLE_IDENTIFIER = "-.AppProject";
				PRODUCT_NAME = "$(TARGET_NAME)";
				SWIFT_EMIT_LOC_STRINGS = YES;
				SWIFT_VERSION = 5.0;
				TARGETED_DEVICE_FAMILY = "1,2";
			};
			name = Release;
		};
		A5C5C95D28F1B36C001FB954 /* Debug */ = {
			isa = XCBuildConfiguration;
			buildSettings = {
				ALWAYS_EMBED_SWIFT_STANDARD_LIBRARIES = YES;
				BUNDLE_LOADER = "$(TEST_HOST)";
				CODE_SIGN_STYLE = Automatic;
				CURRENT_PROJECT_VERSION = 1;
				DEVELOPMENT_TEAM = T89X3T8CX6;
				GENERATE_INFOPLIST_FILE = YES;
				IPHONEOS_DEPLOYMENT_TARGET = 16.0;
				MARKETING_VERSION = 1.0;
				PRODUCT_BUNDLE_IDENTIFIER = "-.AppProjectTests";
				PRODUCT_NAME = "$(TARGET_NAME)";
				SWIFT_EMIT_LOC_STRINGS = NO;
				SWIFT_VERSION = 5.0;
				TARGETED_DEVICE_FAMILY = "1,2";
				TEST_HOST = "$(BUILT_PRODUCTS_DIR)/AppProject.app/$(BUNDLE_EXECUTABLE_FOLDER_PATH)/AppProject";
			};
			name = Debug;
		};
		A5C5C95E28F1B36C001FB954 /* Release */ = {
			isa = XCBuildConfiguration;
			buildSettings = {
				ALWAYS_EMBED_SWIFT_STANDARD_LIBRARIES = YES;
				BUNDLE_LOADER = "$(TEST_HOST)";
				CODE_SIGN_STYLE = Automatic;
				CURRENT_PROJECT_VERSION = 1;
				DEVELOPMENT_TEAM = T89X3T8CX6;
				GENERATE_INFOPLIST_FILE = YES;
				IPHONEOS_DEPLOYMENT_TARGET = 16.0;
				MARKETING_VERSION = 1.0;
				PRODUCT_BUNDLE_IDENTIFIER = "-.AppProjectTests";
				PRODUCT_NAME = "$(TARGET_NAME)";
				SWIFT_EMIT_LOC_STRINGS = NO;
				SWIFT_VERSION = 5.0;
				TARGETED_DEVICE_FAMILY = "1,2";
				TEST_HOST = "$(BUILT_PRODUCTS_DIR)/AppProject.app/$(BUNDLE_EXECUTABLE_FOLDER_PATH)/AppProject";
			};
			name = Release;
		};
		A5C5C96028F1B36C001FB954 /* Debug */ = {
			isa = XCBuildConfiguration;
			buildSettings = {
				ALWAYS_EMBED_SWIFT_STANDARD_LIBRARIES = YES;
				CODE_SIGN_STYLE = Automatic;
				CURRENT_PROJECT_VERSION = 1;
				DEVELOPMENT_TEAM = T89X3T8CX6;
				GENERATE_INFOPLIST_FILE = YES;
				MARKETING_VERSION = 1.0;
				PRODUCT_BUNDLE_IDENTIFIER = "-.AppProjectUITests";
				PRODUCT_NAME = "$(TARGET_NAME)";
				SWIFT_EMIT_LOC_STRINGS = NO;
				SWIFT_VERSION = 5.0;
				TARGETED_DEVICE_FAMILY = "1,2";
				TEST_TARGET_NAME = AppProject;
			};
			name = Debug;
		};
		A5C5C96128F1B36C001FB954 /* Release */ = {
			isa = XCBuildConfiguration;
			buildSettings = {
				ALWAYS_EMBED_SWIFT_STANDARD_LIBRARIES = YES;
				CODE_SIGN_STYLE = Automatic;
				CURRENT_PROJECT_VERSION = 1;
				DEVELOPMENT_TEAM = T89X3T8CX6;
				GENERATE_INFOPLIST_FILE = YES;
				MARKETING_VERSION = 1.0;
				PRODUCT_BUNDLE_IDENTIFIER = "-.AppProjectUITests";
				PRODUCT_NAME = "$(TARGET_NAME)";
				SWIFT_EMIT_LOC_STRINGS = NO;
				SWIFT_VERSION = 5.0;
				TARGETED_DEVICE_FAMILY = "1,2";
				TEST_TARGET_NAME = AppProject;
			};
			name = Release;
		};
/* End XCBuildConfiguration section */

/* Begin XCConfigurationList section */
		A5C5C92A28F1B36A001FB954 /* Build configuration list for PBXProject "AppProject" */ = {
			isa = XCConfigurationList;
			buildConfigurations = (
				A5C5C95728F1B36C001FB954 /* Debug */,
				A5C5C95828F1B36C001FB954 /* Release */,
			);
			defaultConfigurationIsVisible = 0;
			defaultConfigurationName = Release;
		};
		A5C5C95928F1B36C001FB954 /* Build configuration list for PBXNativeTarget "AppProject" */ = {
			isa = XCConfigurationList;
			buildConfigurations = (
				A5C5C95A28F1B36C001FB954 /* Debug */,
				A5C5C95B28F1B36C001FB954 /* Release */,
			);
			defaultConfigurationIsVisible = 0;
			defaultConfigurationName = Release;
		};
		A5C5C95C28F1B36C001FB954 /* Build configuration list for PBXNativeTarget "AppProjectTests" */ = {
			isa = XCConfigurationList;
			buildConfigurations = (
				A5C5C95D28F1B36C001FB954 /* Debug */,
				A5C5C95E28F1B36C001FB954 /* Release */,
			);
			defaultConfigurationIsVisible = 0;
			defaultConfigurationName = Release;
		};
		A5C5C95F28F1B36C001FB954 /* Build configuration list for PBXNativeTarget "AppProjectUITests" */ = {
			isa = XCConfigurationList;
			buildConfigurations = (
				A5C5C96028F1B36C001FB954 /* Debug */,
				A5C5C96128F1B36C001FB954 /* Release */,
			);
			defaultConfigurationIsVisible = 0;
			defaultConfigurationName = Release;
		};
/* End XCConfigurationList section */
	};
	rootObject = A5C5C92728F1B36A001FB954 /* Project object */;
}
